
Microsoft Visual Studio Solution File, Format Version 12.00
# Visual Studio Version 16
VisualStudioVersion = 16.0.31729.503
MinimumVisualStudioVersion = 10.0.40219.1
Project("{FAE04EC0-301F-11D3-BF4B-00C04F79EFBC}") = "DataStructureUsingHashTables", "DataStructureUsingHashTables\DataStructureUsingHashTables.csproj", "{1034C09F-0670-4837-A37E-26EB17002FC0}"
EndProject
Global
	GlobalSection(SolutionConfigurationPlatforms) = preSolution
		Debug|Any CPU = Debug|Any CPU
		Release|Any CPU = Release|Any CPU
	EndGlobalSection
	GlobalSection(ProjectConfigurationPlatforms) = postSolution
		{1034C09F-0670-4837-A37E-26EB17002FC0}.Debug|Any CPU.ActiveCfg = Debug|Any CPU
		{1034C09F-0670-4837-A37E-26EB17002FC0}.Debug|Any CPU.Build.0 = Debug|Any CPU
		{1034C09F-0670-4837-A37E-26EB17002FC0}.Release|Any CPU.ActiveCfg = Release|Any CPU
		{1034C09F-0670-4837-A37E-26EB17002FC0}.Release|Any CPU.Build.0 = Release|Any CPU
	EndGlobalSection
	GlobalSection(SolutionProperties) = preSolution
		HideSolutionNode = FALSE
	EndGlobalSection
	GlobalSection(ExtensibilityGlobals) = postSolution
		SolutionGuid = {92F618A8-23AC-4244-93B1-30E9E5098214}
	EndGlobalSection
EndGlobal
